
Microsoft Visual Studio Solution File, Format Version 11.00
# Visual Studio 2010
Project("{FAE04EC0-301F-11D3-BF4B-00C04F79EFBC}") = "Paypal", "Paypal\Paypal.csproj", "{E5DFFD41-92DB-48AA-9E9B-03CA401A7601}"
EndProject
Project("{FAE04EC0-301F-11D3-BF4B-00C04F79EFBC}") = "Paypal.Tests", "Paypal.Tests\Paypal.Tests.csproj", "{3797CB65-C9D7-4CFC-A072-94B85A16CFD8}"
EndProject
Global
	GlobalSection(SolutionConfigurationPlatforms) = preSolution
		Debug|Any CPU = Debug|Any CPU
		Release|Any CPU = Release|Any CPU
	EndGlobalSection
	GlobalSection(ProjectConfigurationPlatforms) = postSolution
		{E5DFFD41-92DB-48AA-9E9B-03CA401A7601}.Debug|Any CPU.ActiveCfg = Debug|Any CPU
		{E5DFFD41-92DB-48AA-9E9B-03CA401A7601}.Debug|Any CPU.Build.0 = Debug|Any CPU
		{E5DFFD41-92DB-48AA-9E9B-03CA401A7601}.Release|Any CPU.ActiveCfg = Release|Any CPU
		{E5DFFD41-92DB-48AA-9E9B-03CA401A7601}.Release|Any CPU.Build.0 = Release|Any CPU
		{3797CB65-C9D7-4CFC-A072-94B85A16CFD8}.Debug|Any CPU.ActiveCfg = Debug|Any CPU
		{3797CB65-C9D7-4CFC-A072-94B85A16CFD8}.Debug|Any CPU.Build.0 = Debug|Any CPU
		{3797CB65-C9D7-4CFC-A072-94B85A16CFD8}.Release|Any CPU.ActiveCfg = Release|Any CPU
		{3797CB65-C9D7-4CFC-A072-94B85A16CFD8}.Release|Any CPU.Build.0 = Release|Any CPU
	EndGlobalSection
	GlobalSection(SolutionProperties) = preSolution
		HideSolutionNode = FALSE
	EndGlobalSection
EndGlobal
